// !$*UTF8*$!
{
	archiveVersion = 1;
	classes = {
	};
	objectVersion = 56;
	objects = {

/* Begin PBXBuildFile section */
		552C70122AE6A2A900BB68A9 /* UITextField+ext.swift in Sources */ = {isa = PBXBuildFile; fileRef = 552C70112AE6A2A900BB68A9 /* UITextField+ext.swift */; };
		552CE9C82AE96304005E3602 /* String+ext.swift in Sources */ = {isa = PBXBuildFile; fileRef = 552CE9C72AE96304005E3602 /* String+ext.swift */; };
		554BBBF22AD9838B00BF1DD4 /* EmptyView.swift in Sources */ = {isa = PBXBuildFile; fileRef = 554BBBF12AD9838B00BF1DD4 /* EmptyView.swift */; };
		554BBBF62AD9900100BF1DD4 /* UIView+ext.swift in Sources */ = {isa = PBXBuildFile; fileRef = 554BBBF52AD9900100BF1DD4 /* UIView+ext.swift */; };
		554BBBF92AD990C900BF1DD4 /* Tracker.swift in Sources */ = {isa = PBXBuildFile; fileRef = 554BBBF82AD990C900BF1DD4 /* Tracker.swift */; };
		554BBBFB2AD99FD600BF1DD4 /* TrackersHeaderView.swift in Sources */ = {isa = PBXBuildFile; fileRef = 554BBBFA2AD99FD600BF1DD4 /* TrackersHeaderView.swift */; };
		554BBBFD2AD9A03200BF1DD4 /* UICollectionReusableView+ext.swift in Sources */ = {isa = PBXBuildFile; fileRef = 554BBBFC2AD9A03200BF1DD4 /* UICollectionReusableView+ext.swift */; };
		554BBC002AD9BEB300BF1DD4 /* FakeTrackersService.swift in Sources */ = {isa = PBXBuildFile; fileRef = 554BBBFF2AD9BEB200BF1DD4 /* FakeTrackersService.swift */; };
		554BBC022AD9C68100BF1DD4 /* UIDate+ext.swift in Sources */ = {isa = PBXBuildFile; fileRef = 554BBC012AD9C68100BF1DD4 /* UIDate+ext.swift */; };
		55549E5E2AE415A000E198BF /* UITableViewCell+ext.swift in Sources */ = {isa = PBXBuildFile; fileRef = 55549E5D2AE415A000E198BF /* UITableViewCell+ext.swift */; };
		55549E602AE4385D00E198BF /* NSLayoutConstraint.swift in Sources */ = {isa = PBXBuildFile; fileRef = 55549E5F2AE4385D00E198BF /* NSLayoutConstraint.swift */; };
		5571F3142AE50E5A00E514C2 /* TrackerSettings.swift in Sources */ = {isa = PBXBuildFile; fileRef = 5571F3132AE50E5A00E514C2 /* TrackerSettings.swift */; };
		5571F3162AE50E7F00E514C2 /* WeekDay.swift in Sources */ = {isa = PBXBuildFile; fileRef = 5571F3152AE50E7F00E514C2 /* WeekDay.swift */; };
		5571F3182AE51C4A00E514C2 /* UIViewController+ext.swift in Sources */ = {isa = PBXBuildFile; fileRef = 5571F3172AE51C4A00E514C2 /* UIViewController+ext.swift */; };
		5571F31A2AE51F6000E514C2 /* ScheduleViewController.swift in Sources */ = {isa = PBXBuildFile; fileRef = 5571F3192AE51F6000E514C2 /* ScheduleViewController.swift */; };
		557DA2012AD9275F00D7CD04 /* TrackerCell.swift in Sources */ = {isa = PBXBuildFile; fileRef = 557DA2002AD9275F00D7CD04 /* TrackerCell.swift */; };
		5581633F2AEABD9D00A025F3 /* EmojiCell.swift in Sources */ = {isa = PBXBuildFile; fileRef = 5581633E2AEABD9D00A025F3 /* EmojiCell.swift */; };
		55C465B82AD86B8900D75E2E /* AppDelegate.swift in Sources */ = {isa = PBXBuildFile; fileRef = 55C465B72AD86B8900D75E2E /* AppDelegate.swift */; };
		55C465BA2AD86B8900D75E2E /* SceneDelegate.swift in Sources */ = {isa = PBXBuildFile; fileRef = 55C465B92AD86B8900D75E2E /* SceneDelegate.swift */; };
		55C465C12AD86B8A00D75E2E /* Assets.xcassets in Resources */ = {isa = PBXBuildFile; fileRef = 55C465C02AD86B8A00D75E2E /* Assets.xcassets */; };
		55C465C42AD86B8A00D75E2E /* LaunchScreen.storyboard in Resources */ = {isa = PBXBuildFile; fileRef = 55C465C22AD86B8A00D75E2E /* LaunchScreen.storyboard */; };
		55C465D02AD86EC700D75E2E /* TabBarController.swift in Sources */ = {isa = PBXBuildFile; fileRef = 55C465CF2AD86EC700D75E2E /* TabBarController.swift */; };
		55C465D22AD8766000D75E2E /* TrackersViewController.swift in Sources */ = {isa = PBXBuildFile; fileRef = 55C465D12AD8766000D75E2E /* TrackersViewController.swift */; };
		55C912A72AED171500955B10 /* ColorCell.swift in Sources */ = {isa = PBXBuildFile; fileRef = 55C912A62AED171500955B10 /* ColorCell.swift */; };
		55C912A92AED346100955B10 /* SettingsSectionHeaderView.swift in Sources */ = {isa = PBXBuildFile; fileRef = 55C912A82AED346100955B10 /* SettingsSectionHeaderView.swift */; };
		55D2711C2AE409A500D4418A /* NewTrackerViewController.swift in Sources */ = {isa = PBXBuildFile; fileRef = 55D2711B2AE409A500D4418A /* NewTrackerViewController.swift */; };
		55D2711E2AE40B7D00D4418A /* TextField.swift in Sources */ = {isa = PBXBuildFile; fileRef = 55D2711D2AE40B7D00D4418A /* TextField.swift */; };
		55F20BA52AE2FAA000262572 /* SelectTypeViewController.swift in Sources */ = {isa = PBXBuildFile; fileRef = 55F20BA42AE2FAA000262572 /* SelectTypeViewController.swift */; };
		55F20BA82AE2FE0D00262572 /* Button.swift in Sources */ = {isa = PBXBuildFile; fileRef = 55F20BA72AE2FE0D00262572 /* Button.swift */; };
/* End PBXBuildFile section */

/* Begin PBXFileReference section */
		552C70112AE6A2A900BB68A9 /* UITextField+ext.swift */ = {isa = PBXFileReference; lastKnownFileType = sourcecode.swift; path = "UITextField+ext.swift"; sourceTree = "<group>"; };
		552CE9C72AE96304005E3602 /* String+ext.swift */ = {isa = PBXFileReference; lastKnownFileType = sourcecode.swift; path = "String+ext.swift"; sourceTree = "<group>"; };
		554BBBF12AD9838B00BF1DD4 /* EmptyView.swift */ = {isa = PBXFileReference; lastKnownFileType = sourcecode.swift; path = EmptyView.swift; sourceTree = "<group>"; };
		554BBBF52AD9900100BF1DD4 /* UIView+ext.swift */ = {isa = PBXFileReference; lastKnownFileType = sourcecode.swift; path = "UIView+ext.swift"; sourceTree = "<group>"; };
		554BBBF82AD990C900BF1DD4 /* Tracker.swift */ = {isa = PBXFileReference; lastKnownFileType = sourcecode.swift; path = Tracker.swift; sourceTree = "<group>"; };
		554BBBFA2AD99FD600BF1DD4 /* TrackersHeaderView.swift */ = {isa = PBXFileReference; lastKnownFileType = sourcecode.swift; path = TrackersHeaderView.swift; sourceTree = "<group>"; };
		554BBBFC2AD9A03200BF1DD4 /* UICollectionReusableView+ext.swift */ = {isa = PBXFileReference; lastKnownFileType = sourcecode.swift; path = "UICollectionReusableView+ext.swift"; sourceTree = "<group>"; };
		554BBBFF2AD9BEB200BF1DD4 /* FakeTrackersService.swift */ = {isa = PBXFileReference; lastKnownFileType = sourcecode.swift; path = FakeTrackersService.swift; sourceTree = "<group>"; };
		554BBC012AD9C68100BF1DD4 /* UIDate+ext.swift */ = {isa = PBXFileReference; lastKnownFileType = sourcecode.swift; path = "UIDate+ext.swift"; sourceTree = "<group>"; };
		55549E5D2AE415A000E198BF /* UITableViewCell+ext.swift */ = {isa = PBXFileReference; lastKnownFileType = sourcecode.swift; path = "UITableViewCell+ext.swift"; sourceTree = "<group>"; };
		55549E5F2AE4385D00E198BF /* NSLayoutConstraint.swift */ = {isa = PBXFileReference; lastKnownFileType = sourcecode.swift; path = NSLayoutConstraint.swift; sourceTree = "<group>"; };
		5571F3132AE50E5A00E514C2 /* TrackerSettings.swift */ = {isa = PBXFileReference; lastKnownFileType = sourcecode.swift; path = TrackerSettings.swift; sourceTree = "<group>"; };
		5571F3152AE50E7F00E514C2 /* WeekDay.swift */ = {isa = PBXFileReference; lastKnownFileType = sourcecode.swift; path = WeekDay.swift; sourceTree = "<group>"; };
		5571F3172AE51C4A00E514C2 /* UIViewController+ext.swift */ = {isa = PBXFileReference; lastKnownFileType = sourcecode.swift; path = "UIViewController+ext.swift"; sourceTree = "<group>"; };
		5571F3192AE51F6000E514C2 /* ScheduleViewController.swift */ = {isa = PBXFileReference; lastKnownFileType = sourcecode.swift; path = ScheduleViewController.swift; sourceTree = "<group>"; };
		557DA2002AD9275F00D7CD04 /* TrackerCell.swift */ = {isa = PBXFileReference; lastKnownFileType = sourcecode.swift; path = TrackerCell.swift; sourceTree = "<group>"; };
		5581633E2AEABD9D00A025F3 /* EmojiCell.swift */ = {isa = PBXFileReference; lastKnownFileType = sourcecode.swift; path = EmojiCell.swift; sourceTree = "<group>"; };
		55C465B42AD86B8900D75E2E /* HabitsTracker.app */ = {isa = PBXFileReference; explicitFileType = wrapper.application; includeInIndex = 0; path = HabitsTracker.app; sourceTree = BUILT_PRODUCTS_DIR; };
		55C465B72AD86B8900D75E2E /* AppDelegate.swift */ = {isa = PBXFileReference; lastKnownFileType = sourcecode.swift; path = AppDelegate.swift; sourceTree = "<group>"; };
		55C465B92AD86B8900D75E2E /* SceneDelegate.swift */ = {isa = PBXFileReference; lastKnownFileType = sourcecode.swift; path = SceneDelegate.swift; sourceTree = "<group>"; };
		55C465C02AD86B8A00D75E2E /* Assets.xcassets */ = {isa = PBXFileReference; lastKnownFileType = folder.assetcatalog; path = Assets.xcassets; sourceTree = "<group>"; };
		55C465C32AD86B8A00D75E2E /* Base */ = {isa = PBXFileReference; lastKnownFileType = file.storyboard; name = Base; path = Base.lproj/LaunchScreen.storyboard; sourceTree = "<group>"; };
		55C465C52AD86B8A00D75E2E /* Info.plist */ = {isa = PBXFileReference; lastKnownFileType = text.plist.xml; path = Info.plist; sourceTree = "<group>"; };
		55C465CF2AD86EC700D75E2E /* TabBarController.swift */ = {isa = PBXFileReference; lastKnownFileType = sourcecode.swift; path = TabBarController.swift; sourceTree = "<group>"; };
		55C465D12AD8766000D75E2E /* TrackersViewController.swift */ = {isa = PBXFileReference; lastKnownFileType = sourcecode.swift; path = TrackersViewController.swift; sourceTree = "<group>"; };
		55C912A62AED171500955B10 /* ColorCell.swift */ = {isa = PBXFileReference; lastKnownFileType = sourcecode.swift; path = ColorCell.swift; sourceTree = "<group>"; };
		55C912A82AED346100955B10 /* SettingsSectionHeaderView.swift */ = {isa = PBXFileReference; lastKnownFileType = sourcecode.swift; path = SettingsSectionHeaderView.swift; sourceTree = "<group>"; };
		55D2711B2AE409A500D4418A /* NewTrackerViewController.swift */ = {isa = PBXFileReference; lastKnownFileType = sourcecode.swift; path = NewTrackerViewController.swift; sourceTree = "<group>"; };
		55D2711D2AE40B7D00D4418A /* TextField.swift */ = {isa = PBXFileReference; lastKnownFileType = sourcecode.swift; path = TextField.swift; sourceTree = "<group>"; };
		55F20BA42AE2FAA000262572 /* SelectTypeViewController.swift */ = {isa = PBXFileReference; lastKnownFileType = sourcecode.swift; path = SelectTypeViewController.swift; sourceTree = "<group>"; };
		55F20BA72AE2FE0D00262572 /* Button.swift */ = {isa = PBXFileReference; lastKnownFileType = sourcecode.swift; path = Button.swift; sourceTree = "<group>"; };
/* End PBXFileReference section */

/* Begin PBXFrameworksBuildPhase section */
		55C465B12AD86B8900D75E2E /* Frameworks */ = {
			isa = PBXFrameworksBuildPhase;
			buildActionMask = 2147483647;
			files = (
			);
			runOnlyForDeploymentPostprocessing = 0;
		};
/* End PBXFrameworksBuildPhase section */

/* Begin PBXGroup section */
		554BBBF02AD9836A00BF1DD4 /* Views */ = {
			isa = PBXGroup;
			children = (
				55F20BA72AE2FE0D00262572 /* Button.swift */,
				55D2711D2AE40B7D00D4418A /* TextField.swift */,
				557DA2002AD9275F00D7CD04 /* TrackerCell.swift */,
				554BBBF12AD9838B00BF1DD4 /* EmptyView.swift */,
				554BBBFA2AD99FD600BF1DD4 /* TrackersHeaderView.swift */,
				5581633E2AEABD9D00A025F3 /* EmojiCell.swift */,
				55C912A62AED171500955B10 /* ColorCell.swift */,
				55C912A82AED346100955B10 /* SettingsSectionHeaderView.swift */,
			);
			path = Views;
			sourceTree = "<group>";
		};
		554BBBF32AD98FDF00BF1DD4 /* Helpers */ = {
			isa = PBXGroup;
			children = (
				554BBBF42AD98FE800BF1DD4 /* Extensions */,
			);
			path = Helpers;
			sourceTree = "<group>";
		};
		554BBBF42AD98FE800BF1DD4 /* Extensions */ = {
			isa = PBXGroup;
			children = (
				554BBBF52AD9900100BF1DD4 /* UIView+ext.swift */,
				554BBBFC2AD9A03200BF1DD4 /* UICollectionReusableView+ext.swift */,
				554BBC012AD9C68100BF1DD4 /* UIDate+ext.swift */,
				55549E5D2AE415A000E198BF /* UITableViewCell+ext.swift */,
				55549E5F2AE4385D00E198BF /* NSLayoutConstraint.swift */,
				5571F3172AE51C4A00E514C2 /* UIViewController+ext.swift */,
				552C70112AE6A2A900BB68A9 /* UITextField+ext.swift */,
				552CE9C72AE96304005E3602 /* String+ext.swift */,
			);
			path = Extensions;
			sourceTree = "<group>";
		};
		554BBBF72AD990B400BF1DD4 /* Models */ = {
			isa = PBXGroup;
			children = (
				554BBBF82AD990C900BF1DD4 /* Tracker.swift */,
				5571F3132AE50E5A00E514C2 /* TrackerSettings.swift */,
				5571F3152AE50E7F00E514C2 /* WeekDay.swift */,
			);
			path = Models;
			sourceTree = "<group>";
		};
		554BBBFE2AD9BE9A00BF1DD4 /* Services */ = {
			isa = PBXGroup;
			children = (
				554BBBFF2AD9BEB200BF1DD4 /* FakeTrackersService.swift */,
			);
			path = Services;
			sourceTree = "<group>";
		};
		557DA1F82AD9194900D7CD04 /* Navigation */ = {
			isa = PBXGroup;
			children = (
				55C465CF2AD86EC700D75E2E /* TabBarController.swift */,
			);
			path = Navigation;
			sourceTree = "<group>";
		};
		557DA1FD2AD91AFC00D7CD04 /* Trackers */ = {
			isa = PBXGroup;
			children = (
				55D2711B2AE409A500D4418A /* NewTrackerViewController.swift */,
				55F20BA42AE2FAA000262572 /* SelectTypeViewController.swift */,
				55C465D12AD8766000D75E2E /* TrackersViewController.swift */,
				5571F3192AE51F6000E514C2 /* ScheduleViewController.swift */,
				554BBBF72AD990B400BF1DD4 /* Models */,
				554BBBF02AD9836A00BF1DD4 /* Views */,
			);
			path = Trackers;
			sourceTree = "<group>";
		};
		55C465AB2AD86B8900D75E2E = {
			isa = PBXGroup;
			children = (
				55C465B62AD86B8900D75E2E /* HabitsTracker */,
				55C465B52AD86B8900D75E2E /* Products */,
			);
			sourceTree = "<group>";
		};
		55C465B52AD86B8900D75E2E /* Products */ = {
			isa = PBXGroup;
			children = (
				55C465B42AD86B8900D75E2E /* HabitsTracker.app */,
			);
			name = Products;
			sourceTree = "<group>";
		};
		55C465B62AD86B8900D75E2E /* HabitsTracker */ = {
			isa = PBXGroup;
			children = (
				554BBBFE2AD9BE9A00BF1DD4 /* Services */,
				557DA1FD2AD91AFC00D7CD04 /* Trackers */,
				557DA1F82AD9194900D7CD04 /* Navigation */,
				554BBBF32AD98FDF00BF1DD4 /* Helpers */,
				55C465CD2AD86BBC00D75E2E /* Application */,
				55C465CC2AD86BAB00D75E2E /* Supporting */,
			);
			path = HabitsTracker;
			sourceTree = "<group>";
		};
		55C465CC2AD86BAB00D75E2E /* Supporting */ = {
			isa = PBXGroup;
			children = (
				55C465C02AD86B8A00D75E2E /* Assets.xcassets */,
				55C465C22AD86B8A00D75E2E /* LaunchScreen.storyboard */,
				55C465C52AD86B8A00D75E2E /* Info.plist */,
			);
			path = Supporting;
			sourceTree = "<group>";
		};
		55C465CD2AD86BBC00D75E2E /* Application */ = {
			isa = PBXGroup;
			children = (
				55C465B72AD86B8900D75E2E /* AppDelegate.swift */,
				55C465B92AD86B8900D75E2E /* SceneDelegate.swift */,
			);
			path = Application;
			sourceTree = "<group>";
		};
/* End PBXGroup section */

/* Begin PBXNativeTarget section */
		55C465B32AD86B8900D75E2E /* HabitsTracker */ = {
			isa = PBXNativeTarget;
			buildConfigurationList = 55C465C82AD86B8A00D75E2E /* Build configuration list for PBXNativeTarget "HabitsTracker" */;
			buildPhases = (
				55C465B02AD86B8900D75E2E /* Sources */,
				55C465B12AD86B8900D75E2E /* Frameworks */,
				55C465B22AD86B8900D75E2E /* Resources */,
			);
			buildRules = (
			);
			dependencies = (
			);
			name = HabitsTracker;
			productName = HabitsTracker;
			productReference = 55C465B42AD86B8900D75E2E /* HabitsTracker.app */;
			productType = "com.apple.product-type.application";
		};
/* End PBXNativeTarget section */

/* Begin PBXProject section */
		55C465AC2AD86B8900D75E2E /* Project object */ = {
			isa = PBXProject;
			attributes = {
				BuildIndependentTargetsInParallel = 1;
				LastSwiftUpdateCheck = 1500;
				LastUpgradeCheck = 1500;
				TargetAttributes = {
					55C465B32AD86B8900D75E2E = {
						CreatedOnToolsVersion = 15.0;
					};
				};
			};
			buildConfigurationList = 55C465AF2AD86B8900D75E2E /* Build configuration list for PBXProject "HabitsTracker" */;
			compatibilityVersion = "Xcode 14.0";
			developmentRegion = en;
			hasScannedForEncodings = 0;
			knownRegions = (
				en,
				Base,
			);
			mainGroup = 55C465AB2AD86B8900D75E2E;
			productRefGroup = 55C465B52AD86B8900D75E2E /* Products */;
			projectDirPath = "";
			projectRoot = "";
			targets = (
				55C465B32AD86B8900D75E2E /* HabitsTracker */,
			);
		};
/* End PBXProject section */

/* Begin PBXResourcesBuildPhase section */
		55C465B22AD86B8900D75E2E /* Resources */ = {
			isa = PBXResourcesBuildPhase;
			buildActionMask = 2147483647;
			files = (
				55C465C42AD86B8A00D75E2E /* LaunchScreen.storyboard in Resources */,
				55C465C12AD86B8A00D75E2E /* Assets.xcassets in Resources */,
			);
			runOnlyForDeploymentPostprocessing = 0;
		};
/* End PBXResourcesBuildPhase section */

/* Begin PBXSourcesBuildPhase section */
		55C465B02AD86B8900D75E2E /* Sources */ = {
			isa = PBXSourcesBuildPhase;
			buildActionMask = 2147483647;
			files = (
				557DA2012AD9275F00D7CD04 /* TrackerCell.swift in Sources */,
				554BBC002AD9BEB300BF1DD4 /* FakeTrackersService.swift in Sources */,
				5571F3162AE50E7F00E514C2 /* WeekDay.swift in Sources */,
				55C465D02AD86EC700D75E2E /* TabBarController.swift in Sources */,
				55D2711E2AE40B7D00D4418A /* TextField.swift in Sources */,
				554BBBFB2AD99FD600BF1DD4 /* TrackersHeaderView.swift in Sources */,
				55C465D22AD8766000D75E2E /* TrackersViewController.swift in Sources */,
				552C70122AE6A2A900BB68A9 /* UITextField+ext.swift in Sources */,
				554BBBF62AD9900100BF1DD4 /* UIView+ext.swift in Sources */,
				554BBBFD2AD9A03200BF1DD4 /* UICollectionReusableView+ext.swift in Sources */,
				5571F31A2AE51F6000E514C2 /* ScheduleViewController.swift in Sources */,
				55C912A72AED171500955B10 /* ColorCell.swift in Sources */,
				5571F3182AE51C4A00E514C2 /* UIViewController+ext.swift in Sources */,
				55F20BA82AE2FE0D00262572 /* Button.swift in Sources */,
				554BBBF92AD990C900BF1DD4 /* Tracker.swift in Sources */,
				55C465B82AD86B8900D75E2E /* AppDelegate.swift in Sources */,
				554BBBF22AD9838B00BF1DD4 /* EmptyView.swift in Sources */,
				55C912A92AED346100955B10 /* SettingsSectionHeaderView.swift in Sources */,
				55549E5E2AE415A000E198BF /* UITableViewCell+ext.swift in Sources */,
				55549E602AE4385D00E198BF /* NSLayoutConstraint.swift in Sources */,
				55F20BA52AE2FAA000262572 /* SelectTypeViewController.swift in Sources */,
				55C465BA2AD86B8900D75E2E /* SceneDelegate.swift in Sources */,
				554BBC022AD9C68100BF1DD4 /* UIDate+ext.swift in Sources */,
				55D2711C2AE409A500D4418A /* NewTrackerViewController.swift in Sources */,
				5581633F2AEABD9D00A025F3 /* EmojiCell.swift in Sources */,
				552CE9C82AE96304005E3602 /* String+ext.swift in Sources */,
				5571F3142AE50E5A00E514C2 /* TrackerSettings.swift in Sources */,
			);
			runOnlyForDeploymentPostprocessing = 0;
		};
/* End PBXSourcesBuildPhase section */

/* Begin PBXVariantGroup section */
		55C465C22AD86B8A00D75E2E /* LaunchScreen.storyboard */ = {
			isa = PBXVariantGroup;
			children = (
				55C465C32AD86B8A00D75E2E /* Base */,
			);
			name = LaunchScreen.storyboard;
			sourceTree = "<group>";
		};
/* End PBXVariantGroup section */

/* Begin XCBuildConfiguration section */
		55C465C62AD86B8A00D75E2E /* Debug */ = {
			isa = XCBuildConfiguration;
			buildSettings = {
				ALWAYS_SEARCH_USER_PATHS = NO;
				ASSETCATALOG_COMPILER_GENERATE_SWIFT_ASSET_SYMBOL_EXTENSIONS = YES;
				CLANG_ANALYZER_NONNULL = YES;
				CLANG_ANALYZER_NUMBER_OBJECT_CONVERSION = YES_AGGRESSIVE;
				CLANG_CXX_LANGUAGE_STANDARD = "gnu++20";
				CLANG_ENABLE_MODULES = YES;
				CLANG_ENABLE_OBJC_ARC = YES;
				CLANG_ENABLE_OBJC_WEAK = YES;
				CLANG_WARN_BLOCK_CAPTURE_AUTORELEASING = YES;
				CLANG_WARN_BOOL_CONVERSION = YES;
				CLANG_WARN_COMMA = YES;
				CLANG_WARN_CONSTANT_CONVERSION = YES;
				CLANG_WARN_DEPRECATED_OBJC_IMPLEMENTATIONS = YES;
				CLANG_WARN_DIRECT_OBJC_ISA_USAGE = YES_ERROR;
				CLANG_WARN_DOCUMENTATION_COMMENTS = YES;
				CLANG_WARN_EMPTY_BODY = YES;
				CLANG_WARN_ENUM_CONVERSION = YES;
				CLANG_WARN_INFINITE_RECURSION = YES;
				CLANG_WARN_INT_CONVERSION = YES;
				CLANG_WARN_NON_LITERAL_NULL_CONVERSION = YES;
				CLANG_WARN_OBJC_IMPLICIT_RETAIN_SELF = YES;
				CLANG_WARN_OBJC_LITERAL_CONVERSION = YES;
				CLANG_WARN_OBJC_ROOT_CLASS = YES_ERROR;
				CLANG_WARN_QUOTED_INCLUDE_IN_FRAMEWORK_HEADER = YES;
				CLANG_WARN_RANGE_LOOP_ANALYSIS = YES;
				CLANG_WARN_STRICT_PROTOTYPES = YES;
				CLANG_WARN_SUSPICIOUS_MOVE = YES;
				CLANG_WARN_UNGUARDED_AVAILABILITY = YES_AGGRESSIVE;
				CLANG_WARN_UNREACHABLE_CODE = YES;
				CLANG_WARN__DUPLICATE_METHOD_MATCH = YES;
				COPY_PHASE_STRIP = NO;
				DEBUG_INFORMATION_FORMAT = dwarf;
				ENABLE_STRICT_OBJC_MSGSEND = YES;
				ENABLE_TESTABILITY = YES;
				ENABLE_USER_SCRIPT_SANDBOXING = YES;
				GCC_C_LANGUAGE_STANDARD = gnu17;
				GCC_DYNAMIC_NO_PIC = NO;
				GCC_NO_COMMON_BLOCKS = YES;
				GCC_OPTIMIZATION_LEVEL = 0;
				GCC_PREPROCESSOR_DEFINITIONS = (
					"DEBUG=1",
					"$(inherited)",
				);
				GCC_WARN_64_TO_32_BIT_CONVERSION = YES;
				GCC_WARN_ABOUT_RETURN_TYPE = YES_ERROR;
				GCC_WARN_UNDECLARED_SELECTOR = YES;
				GCC_WARN_UNINITIALIZED_AUTOS = YES_AGGRESSIVE;
				GCC_WARN_UNUSED_FUNCTION = YES;
				GCC_WARN_UNUSED_VARIABLE = YES;
				IPHONEOS_DEPLOYMENT_TARGET = 13.4;
				LOCALIZATION_PREFERS_STRING_CATALOGS = YES;
				MTL_ENABLE_DEBUG_INFO = INCLUDE_SOURCE;
				MTL_FAST_MATH = YES;
				ONLY_ACTIVE_ARCH = YES;
				SDKROOT = iphoneos;
				SWIFT_ACTIVE_COMPILATION_CONDITIONS = "DEBUG $(inherited)";
				SWIFT_OPTIMIZATION_LEVEL = "-Onone";
			};
			name = Debug;
		};
		55C465C72AD86B8A00D75E2E /* Release */ = {
			isa = XCBuildConfiguration;
			buildSettings = {
				ALWAYS_SEARCH_USER_PATHS = NO;
				ASSETCATALOG_COMPILER_GENERATE_SWIFT_ASSET_SYMBOL_EXTENSIONS = YES;
				CLANG_ANALYZER_NONNULL = YES;
				CLANG_ANALYZER_NUMBER_OBJECT_CONVERSION = YES_AGGRESSIVE;
				CLANG_CXX_LANGUAGE_STANDARD = "gnu++20";
				CLANG_ENABLE_MODULES = YES;
				CLANG_ENABLE_OBJC_ARC = YES;
				CLANG_ENABLE_OBJC_WEAK = YES;
				CLANG_WARN_BLOCK_CAPTURE_AUTORELEASING = YES;
				CLANG_WARN_BOOL_CONVERSION = YES;
				CLANG_WARN_COMMA = YES;
				CLANG_WARN_CONSTANT_CONVERSION = YES;
				CLANG_WARN_DEPRECATED_OBJC_IMPLEMENTATIONS = YES;
				CLANG_WARN_DIRECT_OBJC_ISA_USAGE = YES_ERROR;
				CLANG_WARN_DOCUMENTATION_COMMENTS = YES;
				CLANG_WARN_EMPTY_BODY = YES;
				CLANG_WARN_ENUM_CONVERSION = YES;
				CLANG_WARN_INFINITE_RECURSION = YES;
				CLANG_WARN_INT_CONVERSION = YES;
				CLANG_WARN_NON_LITERAL_NULL_CONVERSION = YES;
				CLANG_WARN_OBJC_IMPLICIT_RETAIN_SELF = YES;
				CLANG_WARN_OBJC_LITERAL_CONVERSION = YES;
				CLANG_WARN_OBJC_ROOT_CLASS = YES_ERROR;
				CLANG_WARN_QUOTED_INCLUDE_IN_FRAMEWORK_HEADER = YES;
				CLANG_WARN_RANGE_LOOP_ANALYSIS = YES;
				CLANG_WARN_STRICT_PROTOTYPES = YES;
				CLANG_WARN_SUSPICIOUS_MOVE = YES;
				CLANG_WARN_UNGUARDED_AVAILABILITY = YES_AGGRESSIVE;
				CLANG_WARN_UNREACHABLE_CODE = YES;
				CLANG_WARN__DUPLICATE_METHOD_MATCH = YES;
				COPY_PHASE_STRIP = NO;
				DEBUG_INFORMATION_FORMAT = "dwarf-with-dsym";
				ENABLE_NS_ASSERTIONS = NO;
				ENABLE_STRICT_OBJC_MSGSEND = YES;
				ENABLE_USER_SCRIPT_SANDBOXING = YES;
				GCC_C_LANGUAGE_STANDARD = gnu17;
				GCC_NO_COMMON_BLOCKS = YES;
				GCC_WARN_64_TO_32_BIT_CONVERSION = YES;
				GCC_WARN_ABOUT_RETURN_TYPE = YES_ERROR;
				GCC_WARN_UNDECLARED_SELECTOR = YES;
				GCC_WARN_UNINITIALIZED_AUTOS = YES_AGGRESSIVE;
				GCC_WARN_UNUSED_FUNCTION = YES;
				GCC_WARN_UNUSED_VARIABLE = YES;
				IPHONEOS_DEPLOYMENT_TARGET = 13.4;
				LOCALIZATION_PREFERS_STRING_CATALOGS = YES;
				MTL_ENABLE_DEBUG_INFO = NO;
				MTL_FAST_MATH = YES;
				SDKROOT = iphoneos;
				SWIFT_COMPILATION_MODE = wholemodule;
				VALIDATE_PRODUCT = YES;
			};
			name = Release;
		};
		55C465C92AD86B8A00D75E2E /* Debug */ = {
			isa = XCBuildConfiguration;
			buildSettings = {
				ASSETCATALOG_COMPILER_APPICON_NAME = AppIcon;
				ASSETCATALOG_COMPILER_GLOBAL_ACCENT_COLOR_NAME = AccentColor;
				CODE_SIGN_STYLE = Automatic;
				CURRENT_PROJECT_VERSION = 1;
				DEVELOPMENT_TEAM = DSCAQDF936;
				GENERATE_INFOPLIST_FILE = YES;
				INFOPLIST_FILE = HabitsTracker/Supporting/Info.plist;
				INFOPLIST_KEY_UIApplicationSupportsIndirectInputEvents = YES;
				INFOPLIST_KEY_UILaunchStoryboardName = LaunchScreen;
				INFOPLIST_KEY_UISupportedInterfaceOrientations_iPad = "UIInterfaceOrientationPortrait UIInterfaceOrientationPortraitUpsideDown UIInterfaceOrientationLandscapeLeft UIInterfaceOrientationLandscapeRight";
				INFOPLIST_KEY_UISupportedInterfaceOrientations_iPhone = "UIInterfaceOrientationPortrait UIInterfaceOrientationLandscapeLeft UIInterfaceOrientationLandscapeRight";
				LD_RUNPATH_SEARCH_PATHS = (
					"$(inherited)",
					"@executable_path/Frameworks",
				);
				MARKETING_VERSION = 1.0;
				PRODUCT_BUNDLE_IDENTIFIER = com.andreyulanov.HabitsTracker;
				PRODUCT_NAME = "$(TARGET_NAME)";
				SWIFT_EMIT_LOC_STRINGS = YES;
				SWIFT_VERSION = 5.0;
				TARGETED_DEVICE_FAMILY = "1,2";
			};
			name = Debug;
		};
		55C465CA2AD86B8A00D75E2E /* Release */ = {
			isa = XCBuildConfiguration;
			buildSettings = {
				ASSETCATALOG_COMPILER_APPICON_NAME = AppIcon;
				ASSETCATALOG_COMPILER_GLOBAL_ACCENT_COLOR_NAME = AccentColor;
				CODE_SIGN_STYLE = Automatic;
				CURRENT_PROJECT_VERSION = 1;
				DEVELOPMENT_TEAM = DSCAQDF936;
				GENERATE_INFOPLIST_FILE = YES;
				INFOPLIST_FILE = HabitsTracker/Supporting/Info.plist;
				INFOPLIST_KEY_UIApplicationSupportsIndirectInputEvents = YES;
				INFOPLIST_KEY_UILaunchStoryboardName = LaunchScreen;
				INFOPLIST_KEY_UISupportedInterfaceOrientations_iPad = "UIInterfaceOrientationPortrait UIInterfaceOrientationPortraitUpsideDown UIInterfaceOrientationLandscapeLeft UIInterfaceOrientationLandscapeRight";
				INFOPLIST_KEY_UISupportedInterfaceOrientations_iPhone = "UIInterfaceOrientationPortrait UIInterfaceOrientationLandscapeLeft UIInterfaceOrientationLandscapeRight";
				LD_RUNPATH_SEARCH_PATHS = (
					"$(inherited)",
					"@executable_path/Frameworks",
				);
				MARKETING_VERSION = 1.0;
				PRODUCT_BUNDLE_IDENTIFIER = com.andreyulanov.HabitsTracker;
				PRODUCT_NAME = "$(TARGET_NAME)";
				SWIFT_EMIT_LOC_STRINGS = YES;
				SWIFT_VERSION = 5.0;
				TARGETED_DEVICE_FAMILY = "1,2";
			};
			name = Release;
		};
/* End XCBuildConfiguration section */

/* Begin XCConfigurationList section */
		55C465AF2AD86B8900D75E2E /* Build configuration list for PBXProject "HabitsTracker" */ = {
			isa = XCConfigurationList;
			buildConfigurations = (
				55C465C62AD86B8A00D75E2E /* Debug */,
				55C465C72AD86B8A00D75E2E /* Release */,
			);
			defaultConfigurationIsVisible = 0;
			defaultConfigurationName = Release;
		};
		55C465C82AD86B8A00D75E2E /* Build configuration list for PBXNativeTarget "HabitsTracker" */ = {
			isa = XCConfigurationList;
			buildConfigurations = (
				55C465C92AD86B8A00D75E2E /* Debug */,
				55C465CA2AD86B8A00D75E2E /* Release */,
			);
			defaultConfigurationIsVisible = 0;
			defaultConfigurationName = Release;
		};
/* End XCConfigurationList section */
	};
	rootObject = 55C465AC2AD86B8900D75E2E /* Project object */;
}
